// !$*UTF8*$!
{
	archiveVersion = 1;
	classes = {
	};
	objectVersion = 56;
	objects = {

/* Begin PBXBuildFile section */
		C84DB0B82BCDA94900C5EE81 /* HomeViewModel.swift in Sources */ = {isa = PBXBuildFile; fileRef = C84DB0B72BCDA94900C5EE81 /* HomeViewModel.swift */; };
		C8734C912BCB13A8003D34B8 /* CryptoTrackerApp.swift in Sources */ = {isa = PBXBuildFile; fileRef = C8734C902BCB13A8003D34B8 /* CryptoTrackerApp.swift */; };
		C8734C932BCB13A8003D34B8 /* ContentView.swift in Sources */ = {isa = PBXBuildFile; fileRef = C8734C922BCB13A8003D34B8 /* ContentView.swift */; };
		C8734C952BCB13AA003D34B8 /* Assets.xcassets in Resources */ = {isa = PBXBuildFile; fileRef = C8734C942BCB13AA003D34B8 /* Assets.xcassets */; };
		C8734C982BCB13AA003D34B8 /* Preview Assets.xcassets in Resources */ = {isa = PBXBuildFile; fileRef = C8734C972BCB13AA003D34B8 /* Preview Assets.xcassets */; };
		C8734CA02BCB1AFF003D34B8 /* Color.swift in Sources */ = {isa = PBXBuildFile; fileRef = C8734C9F2BCB1AFF003D34B8 /* Color.swift */; };
		C8734CA62BCB1DDF003D34B8 /* HomeView.swift in Sources */ = {isa = PBXBuildFile; fileRef = C8734CA52BCB1DDF003D34B8 /* HomeView.swift */; };
		C8734CAA2BCB1F99003D34B8 /* CircleButtonView.swift in Sources */ = {isa = PBXBuildFile; fileRef = C8734CA92BCB1F99003D34B8 /* CircleButtonView.swift */; };
		C88690DF2BCC607900369DD0 /* CircleButtonAnimationView.swift in Sources */ = {isa = PBXBuildFile; fileRef = C88690DE2BCC607900369DD0 /* CircleButtonAnimationView.swift */; };
		C88690E22BCC63EB00369DD0 /* CoinModel.swift in Sources */ = {isa = PBXBuildFile; fileRef = C88690E12BCC63EB00369DD0 /* CoinModel.swift */; };
		C88690E42BCC73B200369DD0 /* CoinRowView.swift in Sources */ = {isa = PBXBuildFile; fileRef = C88690E32BCC73B200369DD0 /* CoinRowView.swift */; };
		C88690E62BCC742500369DD0 /* Preview.swift in Sources */ = {isa = PBXBuildFile; fileRef = C88690E52BCC742500369DD0 /* Preview.swift */; };
		C88690E82BCC7A6B00369DD0 /* Double.swift in Sources */ = {isa = PBXBuildFile; fileRef = C88690E72BCC7A6B00369DD0 /* Double.swift */; };
/* End PBXBuildFile section */

/* Begin PBXFileReference section */
		C84DB0B72BCDA94900C5EE81 /* HomeViewModel.swift */ = {isa = PBXFileReference; lastKnownFileType = sourcecode.swift; path = HomeViewModel.swift; sourceTree = "<group>"; };
		C8734C8D2BCB13A8003D34B8 /* CryptoTracker.app */ = {isa = PBXFileReference; explicitFileType = wrapper.application; includeInIndex = 0; path = CryptoTracker.app; sourceTree = BUILT_PRODUCTS_DIR; };
		C8734C902BCB13A8003D34B8 /* CryptoTrackerApp.swift */ = {isa = PBXFileReference; lastKnownFileType = sourcecode.swift; path = CryptoTrackerApp.swift; sourceTree = "<group>"; };
		C8734C922BCB13A8003D34B8 /* ContentView.swift */ = {isa = PBXFileReference; lastKnownFileType = sourcecode.swift; path = ContentView.swift; sourceTree = "<group>"; };
		C8734C942BCB13AA003D34B8 /* Assets.xcassets */ = {isa = PBXFileReference; lastKnownFileType = folder.assetcatalog; path = Assets.xcassets; sourceTree = "<group>"; };
		C8734C972BCB13AA003D34B8 /* Preview Assets.xcassets */ = {isa = PBXFileReference; lastKnownFileType = folder.assetcatalog; path = "Preview Assets.xcassets"; sourceTree = "<group>"; };
		C8734C9F2BCB1AFF003D34B8 /* Color.swift */ = {isa = PBXFileReference; lastKnownFileType = sourcecode.swift; path = Color.swift; sourceTree = "<group>"; };
		C8734CA52BCB1DDF003D34B8 /* HomeView.swift */ = {isa = PBXFileReference; lastKnownFileType = sourcecode.swift; path = HomeView.swift; sourceTree = "<group>"; };
		C8734CA92BCB1F99003D34B8 /* CircleButtonView.swift */ = {isa = PBXFileReference; lastKnownFileType = sourcecode.swift; path = CircleButtonView.swift; sourceTree = "<group>"; };
		C88690DE2BCC607900369DD0 /* CircleButtonAnimationView.swift */ = {isa = PBXFileReference; lastKnownFileType = sourcecode.swift; path = CircleButtonAnimationView.swift; sourceTree = "<group>"; };
		C88690E12BCC63EB00369DD0 /* CoinModel.swift */ = {isa = PBXFileReference; lastKnownFileType = sourcecode.swift; path = CoinModel.swift; sourceTree = "<group>"; };
		C88690E32BCC73B200369DD0 /* CoinRowView.swift */ = {isa = PBXFileReference; lastKnownFileType = sourcecode.swift; path = CoinRowView.swift; sourceTree = "<group>"; };
		C88690E52BCC742500369DD0 /* Preview.swift */ = {isa = PBXFileReference; lastKnownFileType = sourcecode.swift; path = Preview.swift; sourceTree = "<group>"; };
		C88690E72BCC7A6B00369DD0 /* Double.swift */ = {isa = PBXFileReference; lastKnownFileType = sourcecode.swift; path = Double.swift; sourceTree = "<group>"; };
/* End PBXFileReference section */

/* Begin PBXFrameworksBuildPhase section */
		C8734C8A2BCB13A8003D34B8 /* Frameworks */ = {
			isa = PBXFrameworksBuildPhase;
			buildActionMask = 2147483647;
			files = (
			);
			runOnlyForDeploymentPostprocessing = 0;
		};
/* End PBXFrameworksBuildPhase section */

/* Begin PBXGroup section */
		C8734C842BCB13A8003D34B8 = {
			isa = PBXGroup;
			children = (
				C8734C8F2BCB13A8003D34B8 /* CryptoTracker */,
				C8734C8E2BCB13A8003D34B8 /* Products */,
			);
			sourceTree = "<group>";
		};
		C8734C8E2BCB13A8003D34B8 /* Products */ = {
			isa = PBXGroup;
			children = (
				C8734C8D2BCB13A8003D34B8 /* CryptoTracker.app */,
			);
			name = Products;
			sourceTree = "<group>";
		};
		C8734C8F2BCB13A8003D34B8 /* CryptoTracker */ = {
			isa = PBXGroup;
			children = (
				C88690E02BCC63C600369DD0 /* Models */,
				C8734C9E2BCB1AD6003D34B8 /* Extensions */,
				C8734CA12BCB1DAA003D34B8 /* Core */,
				C8734C902BCB13A8003D34B8 /* CryptoTrackerApp.swift */,
				C8734C922BCB13A8003D34B8 /* ContentView.swift */,
				C8734C942BCB13AA003D34B8 /* Assets.xcassets */,
				C8734C962BCB13AA003D34B8 /* Preview Content */,
			);
			path = CryptoTracker;
			sourceTree = "<group>";
		};
		C8734C962BCB13AA003D34B8 /* Preview Content */ = {
			isa = PBXGroup;
			children = (
				C8734C972BCB13AA003D34B8 /* Preview Assets.xcassets */,
			);
			path = "Preview Content";
			sourceTree = "<group>";
		};
		C8734C9E2BCB1AD6003D34B8 /* Extensions */ = {
			isa = PBXGroup;
			children = (
				C8734C9F2BCB1AFF003D34B8 /* Color.swift */,
				C88690E52BCC742500369DD0 /* Preview.swift */,
				C88690E72BCC7A6B00369DD0 /* Double.swift */,
			);
			path = Extensions;
			sourceTree = "<group>";
		};
		C8734CA12BCB1DAA003D34B8 /* Core */ = {
			isa = PBXGroup;
			children = (
				C8734CA72BCB1F4F003D34B8 /* Components */,
				C8734CA22BCB1DB8003D34B8 /* Home */,
			);
			path = Core;
			sourceTree = "<group>";
		};
		C8734CA22BCB1DB8003D34B8 /* Home */ = {
			isa = PBXGroup;
			children = (
				C8734CA42BCB1DC9003D34B8 /* ViewModels */,
				C8734CA32BCB1DC6003D34B8 /* Views */,
			);
			path = Home;
			sourceTree = "<group>";
		};
		C8734CA32BCB1DC6003D34B8 /* Views */ = {
			isa = PBXGroup;
			children = (
				C8734CA52BCB1DDF003D34B8 /* HomeView.swift */,
				C88690E32BCC73B200369DD0 /* CoinRowView.swift */,
			);
			path = Views;
			sourceTree = "<group>";
		};
		C8734CA42BCB1DC9003D34B8 /* ViewModels */ = {
			isa = PBXGroup;
			children = (
				C84DB0B72BCDA94900C5EE81 /* HomeViewModel.swift */,
			);
			path = ViewModels;
			sourceTree = "<group>";
		};
		C8734CA72BCB1F4F003D34B8 /* Components */ = {
			isa = PBXGroup;
			children = (
				C8734CA82BCB1F71003D34B8 /* CircleButton */,
			);
			path = Components;
			sourceTree = "<group>";
		};
		C8734CA82BCB1F71003D34B8 /* CircleButton */ = {
			isa = PBXGroup;
			children = (
				C8734CA92BCB1F99003D34B8 /* CircleButtonView.swift */,
				C88690DE2BCC607900369DD0 /* CircleButtonAnimationView.swift */,
			);
			path = CircleButton;
			sourceTree = "<group>";
		};
		C88690E02BCC63C600369DD0 /* Models */ = {
			isa = PBXGroup;
			children = (
				C88690E12BCC63EB00369DD0 /* CoinModel.swift */,
			);
			path = Models;
			sourceTree = "<group>";
		};
/* End PBXGroup section */

/* Begin PBXNativeTarget section */
		C8734C8C2BCB13A8003D34B8 /* CryptoTracker */ = {
			isa = PBXNativeTarget;
			buildConfigurationList = C8734C9B2BCB13AA003D34B8 /* Build configuration list for PBXNativeTarget "CryptoTracker" */;
			buildPhases = (
				C8734C892BCB13A8003D34B8 /* Sources */,
				C8734C8A2BCB13A8003D34B8 /* Frameworks */,
				C8734C8B2BCB13A8003D34B8 /* Resources */,
			);
			buildRules = (
			);
			dependencies = (
			);
			name = CryptoTracker;
			productName = CryptoTracker;
			productReference = C8734C8D2BCB13A8003D34B8 /* CryptoTracker.app */;
			productType = "com.apple.product-type.application";
		};
/* End PBXNativeTarget section */

/* Begin PBXProject section */
		C8734C852BCB13A8003D34B8 /* Project object */ = {
			isa = PBXProject;
			attributes = {
				BuildIndependentTargetsInParallel = 1;
				LastSwiftUpdateCheck = 1530;
				LastUpgradeCheck = 1530;
				TargetAttributes = {
					C8734C8C2BCB13A8003D34B8 = {
						CreatedOnToolsVersion = 15.3;
					};
				};
			};
			buildConfigurationList = C8734C882BCB13A8003D34B8 /* Build configuration list for PBXProject "CryptoTracker" */;
			compatibilityVersion = "Xcode 14.0";
			developmentRegion = en;
			hasScannedForEncodings = 0;
			knownRegions = (
				en,
				Base,
			);
			mainGroup = C8734C842BCB13A8003D34B8;
			productRefGroup = C8734C8E2BCB13A8003D34B8 /* Products */;
			projectDirPath = "";
			projectRoot = "";
			targets = (
				C8734C8C2BCB13A8003D34B8 /* CryptoTracker */,
			);
		};
/* End PBXProject section */

/* Begin PBXResourcesBuildPhase section */
		C8734C8B2BCB13A8003D34B8 /* Resources */ = {
			isa = PBXResourcesBuildPhase;
			buildActionMask = 2147483647;
			files = (
				C8734C982BCB13AA003D34B8 /* Preview Assets.xcassets in Resources */,
				C8734C952BCB13AA003D34B8 /* Assets.xcassets in Resources */,
			);
			runOnlyForDeploymentPostprocessing = 0;
		};
/* End PBXResourcesBuildPhase section */

/* Begin PBXSourcesBuildPhase section */
		C8734C892BCB13A8003D34B8 /* Sources */ = {
			isa = PBXSourcesBuildPhase;
			buildActionMask = 2147483647;
			files = (
				C88690E42BCC73B200369DD0 /* CoinRowView.swift in Sources */,
				C84DB0B82BCDA94900C5EE81 /* HomeViewModel.swift in Sources */,
				C8734C932BCB13A8003D34B8 /* ContentView.swift in Sources */,
				C8734CA62BCB1DDF003D34B8 /* HomeView.swift in Sources */,
				C8734C912BCB13A8003D34B8 /* CryptoTrackerApp.swift in Sources */,
				C8734CA02BCB1AFF003D34B8 /* Color.swift in Sources */,
				C8734CAA2BCB1F99003D34B8 /* CircleButtonView.swift in Sources */,
				C88690DF2BCC607900369DD0 /* CircleButtonAnimationView.swift in Sources */,
				C88690E62BCC742500369DD0 /* Preview.swift in Sources */,
				C88690E82BCC7A6B00369DD0 /* Double.swift in Sources */,
				C88690E22BCC63EB00369DD0 /* CoinModel.swift in Sources */,
			);
			runOnlyForDeploymentPostprocessing = 0;
		};
/* End PBXSourcesBuildPhase section */

/* Begin XCBuildConfiguration section */
		C8734C992BCB13AA003D34B8 /* Debug */ = {
			isa = XCBuildConfiguration;
			buildSettings = {
				ALWAYS_SEARCH_USER_PATHS = NO;
				ASSETCATALOG_COMPILER_GENERATE_SWIFT_ASSET_SYMBOL_EXTENSIONS = YES;
				CLANG_ANALYZER_NONNULL = YES;
				CLANG_ANALYZER_NUMBER_OBJECT_CONVERSION = YES_AGGRESSIVE;
				CLANG_CXX_LANGUAGE_STANDARD = "gnu++20";
				CLANG_ENABLE_MODULES = YES;
				CLANG_ENABLE_OBJC_ARC = YES;
				CLANG_ENABLE_OBJC_WEAK = YES;
				CLANG_WARN_BLOCK_CAPTURE_AUTORELEASING = YES;
				CLANG_WARN_BOOL_CONVERSION = YES;
				CLANG_WARN_COMMA = YES;
				CLANG_WARN_CONSTANT_CONVERSION = YES;
				CLANG_WARN_DEPRECATED_OBJC_IMPLEMENTATIONS = YES;
				CLANG_WARN_DIRECT_OBJC_ISA_USAGE = YES_ERROR;
				CLANG_WARN_DOCUMENTATION_COMMENTS = YES;
				CLANG_WARN_EMPTY_BODY = YES;
				CLANG_WARN_ENUM_CONVERSION = YES;
				CLANG_WARN_INFINITE_RECURSION = YES;
				CLANG_WARN_INT_CONVERSION = YES;
				CLANG_WARN_NON_LITERAL_NULL_CONVERSION = YES;
				CLANG_WARN_OBJC_IMPLICIT_RETAIN_SELF = YES;
				CLANG_WARN_OBJC_LITERAL_CONVERSION = YES;
				CLANG_WARN_OBJC_ROOT_CLASS = YES_ERROR;
				CLANG_WARN_QUOTED_INCLUDE_IN_FRAMEWORK_HEADER = YES;
				CLANG_WARN_RANGE_LOOP_ANALYSIS = YES;
				CLANG_WARN_STRICT_PROTOTYPES = YES;
				CLANG_WARN_SUSPICIOUS_MOVE = YES;
				CLANG_WARN_UNGUARDED_AVAILABILITY = YES_AGGRESSIVE;
				CLANG_WARN_UNREACHABLE_CODE = YES;
				CLANG_WARN__DUPLICATE_METHOD_MATCH = YES;
				COPY_PHASE_STRIP = NO;
				DEBUG_INFORMATION_FORMAT = dwarf;
				ENABLE_STRICT_OBJC_MSGSEND = YES;
				ENABLE_TESTABILITY = YES;
				ENABLE_USER_SCRIPT_SANDBOXING = YES;
				GCC_C_LANGUAGE_STANDARD = gnu17;
				GCC_DYNAMIC_NO_PIC = NO;
				GCC_NO_COMMON_BLOCKS = YES;
				GCC_OPTIMIZATION_LEVEL = 0;
				GCC_PREPROCESSOR_DEFINITIONS = (
					"DEBUG=1",
					"$(inherited)",
				);
				GCC_WARN_64_TO_32_BIT_CONVERSION = YES;
				GCC_WARN_ABOUT_RETURN_TYPE = YES_ERROR;
				GCC_WARN_UNDECLARED_SELECTOR = YES;
				GCC_WARN_UNINITIALIZED_AUTOS = YES_AGGRESSIVE;
				GCC_WARN_UNUSED_FUNCTION = YES;
				GCC_WARN_UNUSED_VARIABLE = YES;
				IPHONEOS_DEPLOYMENT_TARGET = 17.4;
				LOCALIZATION_PREFERS_STRING_CATALOGS = YES;
				MTL_ENABLE_DEBUG_INFO = INCLUDE_SOURCE;
				MTL_FAST_MATH = YES;
				ONLY_ACTIVE_ARCH = YES;
				SDKROOT = iphoneos;
				SWIFT_ACTIVE_COMPILATION_CONDITIONS = "DEBUG $(inherited)";
				SWIFT_OPTIMIZATION_LEVEL = "-Onone";
			};
			name = Debug;
		};
		C8734C9A2BCB13AA003D34B8 /* Release */ = {
			isa = XCBuildConfiguration;
			buildSettings = {
				ALWAYS_SEARCH_USER_PATHS = NO;
				ASSETCATALOG_COMPILER_GENERATE_SWIFT_ASSET_SYMBOL_EXTENSIONS = YES;
				CLANG_ANALYZER_NONNULL = YES;
				CLANG_ANALYZER_NUMBER_OBJECT_CONVERSION = YES_AGGRESSIVE;
				CLANG_CXX_LANGUAGE_STANDARD = "gnu++20";
				CLANG_ENABLE_MODULES = YES;
				CLANG_ENABLE_OBJC_ARC = YES;
				CLANG_ENABLE_OBJC_WEAK = YES;
				CLANG_WARN_BLOCK_CAPTURE_AUTORELEASING = YES;
				CLANG_WARN_BOOL_CONVERSION = YES;
				CLANG_WARN_COMMA = YES;
				CLANG_WARN_CONSTANT_CONVERSION = YES;
				CLANG_WARN_DEPRECATED_OBJC_IMPLEMENTATIONS = YES;
				CLANG_WARN_DIRECT_OBJC_ISA_USAGE = YES_ERROR;
				CLANG_WARN_DOCUMENTATION_COMMENTS = YES;
				CLANG_WARN_EMPTY_BODY = YES;
				CLANG_WARN_ENUM_CONVERSION = YES;
				CLANG_WARN_INFINITE_RECURSION = YES;
				CLANG_WARN_INT_CONVERSION = YES;
				CLANG_WARN_NON_LITERAL_NULL_CONVERSION = YES;
				CLANG_WARN_OBJC_IMPLICIT_RETAIN_SELF = YES;
				CLANG_WARN_OBJC_LITERAL_CONVERSION = YES;
				CLANG_WARN_OBJC_ROOT_CLASS = YES_ERROR;
				CLANG_WARN_QUOTED_INCLUDE_IN_FRAMEWORK_HEADER = YES;
				CLANG_WARN_RANGE_LOOP_ANALYSIS = YES;
				CLANG_WARN_STRICT_PROTOTYPES = YES;
				CLANG_WARN_SUSPICIOUS_MOVE = YES;
				CLANG_WARN_UNGUARDED_AVAILABILITY = YES_AGGRESSIVE;
				CLANG_WARN_UNREACHABLE_CODE = YES;
				CLANG_WARN__DUPLICATE_METHOD_MATCH = YES;
				COPY_PHASE_STRIP = NO;
				DEBUG_INFORMATION_FORMAT = "dwarf-with-dsym";
				ENABLE_NS_ASSERTIONS = NO;
				ENABLE_STRICT_OBJC_MSGSEND = YES;
				ENABLE_USER_SCRIPT_SANDBOXING = YES;
				GCC_C_LANGUAGE_STANDARD = gnu17;
				GCC_NO_COMMON_BLOCKS = YES;
				GCC_WARN_64_TO_32_BIT_CONVERSION = YES;
				GCC_WARN_ABOUT_RETURN_TYPE = YES_ERROR;
				GCC_WARN_UNDECLARED_SELECTOR = YES;
				GCC_WARN_UNINITIALIZED_AUTOS = YES_AGGRESSIVE;
				GCC_WARN_UNUSED_FUNCTION = YES;
				GCC_WARN_UNUSED_VARIABLE = YES;
				IPHONEOS_DEPLOYMENT_TARGET = 17.4;
				LOCALIZATION_PREFERS_STRING_CATALOGS = YES;
				MTL_ENABLE_DEBUG_INFO = NO;
				MTL_FAST_MATH = YES;
				SDKROOT = iphoneos;
				SWIFT_COMPILATION_MODE = wholemodule;
				VALIDATE_PRODUCT = YES;
			};
			name = Release;
		};
		C8734C9C2BCB13AA003D34B8 /* Debug */ = {
			isa = XCBuildConfiguration;
			buildSettings = {
				ASSETCATALOG_COMPILER_APPICON_NAME = AppIcon;
				ASSETCATALOG_COMPILER_GLOBAL_ACCENT_COLOR_NAME = AccentColor;
				CODE_SIGN_STYLE = Automatic;
				CURRENT_PROJECT_VERSION = 1;
				DEVELOPMENT_ASSET_PATHS = "\"CryptoTracker/Preview Content\"";
				DEVELOPMENT_TEAM = U6JX84M9ZS;
				ENABLE_PREVIEWS = YES;
				GENERATE_INFOPLIST_FILE = YES;
				INFOPLIST_KEY_UIApplicationSceneManifest_Generation = YES;
				INFOPLIST_KEY_UIApplicationSupportsIndirectInputEvents = YES;
				INFOPLIST_KEY_UILaunchScreen_Generation = YES;
				INFOPLIST_KEY_UISupportedInterfaceOrientations = UIInterfaceOrientationPortrait;
				IPHONEOS_DEPLOYMENT_TARGET = 14.0;
				LD_RUNPATH_SEARCH_PATHS = (
					"$(inherited)",
					"@executable_path/Frameworks",
				);
				MARKETING_VERSION = 1.0;
				PRODUCT_BUNDLE_IDENTIFIER = com.abanoub.CryptoTracker;
				PRODUCT_NAME = "$(TARGET_NAME)";
				SWIFT_EMIT_LOC_STRINGS = YES;
				SWIFT_VERSION = 5.0;
				TARGETED_DEVICE_FAMILY = "1,2";
			};
			name = Debug;
		};
		C8734C9D2BCB13AA003D34B8 /* Release */ = {
			isa = XCBuildConfiguration;
			buildSettings = {
				ASSETCATALOG_COMPILER_APPICON_NAME = AppIcon;
				ASSETCATALOG_COMPILER_GLOBAL_ACCENT_COLOR_NAME = AccentColor;
				CODE_SIGN_STYLE = Automatic;
				CURRENT_PROJECT_VERSION = 1;
				DEVELOPMENT_ASSET_PATHS = "\"CryptoTracker/Preview Content\"";
				DEVELOPMENT_TEAM = U6JX84M9ZS;
				ENABLE_PREVIEWS = YES;
				GENERATE_INFOPLIST_FILE = YES;
				INFOPLIST_KEY_UIApplicationSceneManifest_Generation = YES;
				INFOPLIST_KEY_UIApplicationSupportsIndirectInputEvents = YES;
				INFOPLIST_KEY_UILaunchScreen_Generation = YES;
				INFOPLIST_KEY_UISupportedInterfaceOrientations = UIInterfaceOrientationPortrait;
				IPHONEOS_DEPLOYMENT_TARGET = 14.0;
				LD_RUNPATH_SEARCH_PATHS = (
					"$(inherited)",
					"@executable_path/Frameworks",
				);
				MARKETING_VERSION = 1.0;
				PRODUCT_BUNDLE_IDENTIFIER = com.abanoub.CryptoTracker;
				PRODUCT_NAME = "$(TARGET_NAME)";
				SWIFT_EMIT_LOC_STRINGS = YES;
				SWIFT_VERSION = 5.0;
				TARGETED_DEVICE_FAMILY = "1,2";
			};
			name = Release;
		};
/* End XCBuildConfiguration section */

/* Begin XCConfigurationList section */
		C8734C882BCB13A8003D34B8 /* Build configuration list for PBXProject "CryptoTracker" */ = {
			isa = XCConfigurationList;
			buildConfigurations = (
				C8734C992BCB13AA003D34B8 /* Debug */,
				C8734C9A2BCB13AA003D34B8 /* Release */,
			);
			defaultConfigurationIsVisible = 0;
			defaultConfigurationName = Release;
		};
		C8734C9B2BCB13AA003D34B8 /* Build configuration list for PBXNativeTarget "CryptoTracker" */ = {
			isa = XCConfigurationList;
			buildConfigurations = (
				C8734C9C2BCB13AA003D34B8 /* Debug */,
				C8734C9D2BCB13AA003D34B8 /* Release */,
			);
			defaultConfigurationIsVisible = 0;
			defaultConfigurationName = Release;
		};
/* End XCConfigurationList section */
	};
	rootObject = C8734C852BCB13A8003D34B8 /* Project object */;
}
